schema: '2.0'
stages:
  prepare:
    cmd: python .\src\steps\prepare.py
    deps:
    - path: .\src\data\covid
      hash: md5
      md5: bf96f965715913aa4eb1f82377a808e8.dir
      size: 907897640
      nfiles: 5458
    - path: .\src\steps\prepare.py
      hash: md5
      md5: b0502caf57da38c727974de04480afd1
      size: 1152
    params:
      params.yaml:
        prepare.dataset: covid
        prepare.trainNum: 180
    outs:
    - path: .\src\data\covid_dataset.json
      hash: md5
      md5: 022c431a4075850f9de698080268758e
      size: 25700
  train:
    cmd: python -m src.steps.train
    deps:
    - path: .\src\data\covid
      hash: md5
      md5: bf96f965715913aa4eb1f82377a808e8.dir
      size: 907897640
      nfiles: 5458
    - path: .\src\data\covid_dataset.json
      hash: md5
      md5: 022c431a4075850f9de698080268758e
      size: 25700
    - path: .\src\steps\train.py
      hash: md5
      md5: 65114e3898a3e553f4dcaeea5d169702
      size: 2221
    params:
      params.yaml:
        prepare.dataset: covid
        train.batch_size: 16
        train.config: 39DS
        train.lr: 0.002
        train.roi_size_h: 128
        train.roi_size_w: 128
        train.test_batch_size: 2
    outs:
    - path: .\src\weights\latest_weight.ckpt
      hash: md5
      md5: 022e688211bbb45ef81b0c6f958ad98e
      size: 387195861
