schema: '2.0'
stages:
  prepare:
    cmd: python .\src\steps\prepare.py
    deps:
    - path: .\src\data\covid
      hash: md5
      md5: bf96f965715913aa4eb1f82377a808e8.dir
      size: 907897640
      nfiles: 5458
    - path: .\src\steps\prepare.py
      hash: md5
      md5: 1edcb4113d5e435c54fb124c1723322d
      size: 1151
    params:
      params.yaml:
        prepare.dataset: covid
        prepare.trainNum: 181
    outs:
    - path: .\src\data\covid_dataset.json
      hash: md5
      md5: 3d9b28345de3004ffa622690fdc49ccd
      size: 25862
  train:
    cmd: python -m src.steps.train
    deps:
    - path: .\src\data\covid
      hash: md5
      md5: bf96f965715913aa4eb1f82377a808e8.dir
      size: 907897640
      nfiles: 5458
    - path: .\src\data\covid_dataset.json
      hash: md5
      md5: 3d9b28345de3004ffa622690fdc49ccd
      size: 25862
    - path: .\src\steps\train.py
      hash: md5
      md5: e4b6bef4de46ebffd4fdeb9796a84219
      size: 2163
    params:
      params.yaml:
        prepare.dataset: covid
        train.batch_size: 8
        train.config: 39DS
        train.lr: 0.002
        train.roi_size_h: 128
        train.roi_size_w: 128
    outs:
    - path: .\src\weights\latest_weight.ckpt
      hash: md5
      md5: fcbfcbfed5e30679209bf027799633b3
      size: 447332473
